Microsoft Visual Studio Solution File, Format Version 12.00
# Visual Studio Version 17
VisualStudioVersion = 17.5.2.0
MinimumVisualStudioVersion = 10.0.40219.1
Project("{FAE04EC0-301F-11D3-BF4B-00C04F79EFBC}") = "TestDemoProject1", "TestDemoProject1.csproj", "{44AA7AB7-59C5-71C2-4C37-B2926BCDE5A4}"
EndProject
Global
	GlobalSection(SolutionConfigurationPlatforms) = preSolution
		Debug|Any CPU = Debug|Any CPU
		Release|Any CPU = Release|Any CPU
	EndGlobalSection
	GlobalSection(ProjectConfigurationPlatforms) = postSolution
		{44AA7AB7-59C5-71C2-4C37-B2926BCDE5A4}.Debug|Any CPU.ActiveCfg = Debug|Any CPU
		{44AA7AB7-59C5-71C2-4C37-B2926BCDE5A4}.Debug|Any CPU.Build.0 = Debug|Any CPU
		{44AA7AB7-59C5-71C2-4C37-B2926BCDE5A4}.Release|Any CPU.ActiveCfg = Release|Any CPU
		{44AA7AB7-59C5-71C2-4C37-B2926BCDE5A4}.Release|Any CPU.Build.0 = Release|Any CPU
	EndGlobalSection
	GlobalSection(SolutionProperties) = preSolution
		HideSolutionNode = FALSE
	EndGlobalSection
	GlobalSection(ExtensibilityGlobals) = postSolution
		SolutionGuid = {37933F74-12CC-4DF7-B311-A6C80876680F}
	EndGlobalSection
EndGlobal
